
Microsoft Visual Studio Solution File, Format Version 12.00
# Visual Studio Version 17
VisualStudioVersion = 17.4.33213.308
MinimumVisualStudioVersion = 10.0.40219.1
Project("{FAE04EC0-301F-11D3-BF4B-00C04F79EFBC}") = "SpaceInvader2", "SpaceInvader2\SpaceInvader2.csproj", "{612C2717-3064-4690-9DA3-8491472EB167}"
EndProject
Global
	GlobalSection(SolutionConfigurationPlatforms) = preSolution
		Debug|Any CPU = Debug|Any CPU
		Release|Any CPU = Release|Any CPU
	EndGlobalSection
	GlobalSection(ProjectConfigurationPlatforms) = postSolution
		{612C2717-3064-4690-9DA3-8491472EB167}.Debug|Any CPU.ActiveCfg = Debug|Any CPU
		{612C2717-3064-4690-9DA3-8491472EB167}.Debug|Any CPU.Build.0 = Debug|Any CPU
		{612C2717-3064-4690-9DA3-8491472EB167}.Release|Any CPU.ActiveCfg = Release|Any CPU
		{612C2717-3064-4690-9DA3-8491472EB167}.Release|Any CPU.Build.0 = Release|Any CPU
	EndGlobalSection
	GlobalSection(SolutionProperties) = preSolution
		HideSolutionNode = FALSE
	EndGlobalSection
	GlobalSection(ExtensibilityGlobals) = postSolution
		SolutionGuid = {F064528A-0BF0-4CBD-A421-49412F69B04C}
	EndGlobalSection
EndGlobal
